
Microsoft Visual Studio Solution File, Format Version 11.00
# Visual Studio 2010
Project("{FAE04EC0-301F-11D3-BF4B-00C04F79EFBC}") = "UnityEngine.UI", "UnityEngine.UI.csproj", "{4e37d5bf-c15a-04e9-abf7-c8a2d6b436aa}"
EndProject
Project("{FAE04EC0-301F-11D3-BF4B-00C04F79EFBC}") = "Assembly-CSharp", "Assembly-CSharp.csproj", "{5170b0c6-cd4c-9645-ce3e-c3ae8d9fafcf}"
EndProject
Project("{FAE04EC0-301F-11D3-BF4B-00C04F79EFBC}") = "UnityEditor.UI", "UnityEditor.UI.csproj", "{ab31bc17-e6ad-6e27-98c0-9a0ce074fce6}"
EndProject
Global
	GlobalSection(SolutionConfigurationPlatforms) = preSolution
		Debug|Any CPU = Debug|Any CPU
	EndGlobalSection
	GlobalSection(ProjectConfigurationPlatforms) = postSolution
		{4e37d5bf-c15a-04e9-abf7-c8a2d6b436aa}.Debug|Any CPU.ActiveCfg = Debug|Any CPU
		{4e37d5bf-c15a-04e9-abf7-c8a2d6b436aa}.Debug|Any CPU.Build.0 = Debug|Any CPU
		{5170b0c6-cd4c-9645-ce3e-c3ae8d9fafcf}.Debug|Any CPU.ActiveCfg = Debug|Any CPU
		{5170b0c6-cd4c-9645-ce3e-c3ae8d9fafcf}.Debug|Any CPU.Build.0 = Debug|Any CPU
		{ab31bc17-e6ad-6e27-98c0-9a0ce074fce6}.Debug|Any CPU.ActiveCfg = Debug|Any CPU
		{ab31bc17-e6ad-6e27-98c0-9a0ce074fce6}.Debug|Any CPU.Build.0 = Debug|Any CPU
	EndGlobalSection
	GlobalSection(SolutionProperties) = preSolution
		HideSolutionNode = FALSE
	EndGlobalSection
EndGlobal
